Microsoft Visual Studio Solution File, Format Version 12.00
# Visual Studio Version 17
VisualStudioVersion = 17.0.31812.322
MinimumVisualStudioVersion = 10.0.40219.1
Project("{FAE04EC0-301F-11D3-BF4B-00C04F79EFBC}") = "EventPlannerPro.Client", "EventPlannerPro.Client\EventPlannerPro.Client.csproj", "{C9AC26F7-1043-45F1-8C28-4399B997EBFD}"
EndProject
Project("{FAE04EC0-301F-11D3-BF4B-00C04F79EFBC}") = "EventPlannerPro.Server", "EventPlannerPro.Server\EventPlannerPro.Server.csproj", "{C739D2A0-217D-40E3-B0FA-7EDE40B48278}"
EndProject
Project("{FAE04EC0-301F-11D3-BF4B-00C04F79EFBC}") = "EventPlannerPro.Shared", "EventPlannerPro.Shared\EventPlannerPro.Shared.csproj", "{DE9D6821-5E2E-4EB9-B232-82E9B09793E0}"
EndProject
Global
	GlobalSection(SolutionConfigurationPlatforms) = preSolution
		Debug|Any CPU = Debug|Any CPU
		Release|Any CPU = Release|Any CPU
	EndGlobalSection
	GlobalSection(ProjectConfigurationPlatforms) = postSolution
		{C9AC26F7-1043-45F1-8C28-4399B997EBFD}.Debug|Any CPU.ActiveCfg = Debug|Any CPU
		{C9AC26F7-1043-45F1-8C28-4399B997EBFD}.Debug|Any CPU.Build.0 = Debug|Any CPU
		{C9AC26F7-1043-45F1-8C28-4399B997EBFD}.Release|Any CPU.ActiveCfg = Release|Any CPU
		{C9AC26F7-1043-45F1-8C28-4399B997EBFD}.Release|Any CPU.Build.0 = Release|Any CPU
		{C739D2A0-217D-40E3-B0FA-7EDE40B48278}.Debug|Any CPU.ActiveCfg = Debug|Any CPU
		{C739D2A0-217D-40E3-B0FA-7EDE40B48278}.Debug|Any CPU.Build.0 = Debug|Any CPU
		{C739D2A0-217D-40E3-B0FA-7EDE40B48278}.Release|Any CPU.ActiveCfg = Release|Any CPU
		{C739D2A0-217D-40E3-B0FA-7EDE40B48278}.Release|Any CPU.Build.0 = Release|Any CPU
		{DE9D6821-5E2E-4EB9-B232-82E9B09793E0}.Debug|Any CPU.ActiveCfg = Debug|Any CPU
		{DE9D6821-5E2E-4EB9-B232-82E9B09793E0}.Debug|Any CPU.Build.0 = Debug|Any CPU
		{DE9D6821-5E2E-4EB9-B232-82E9B09793E0}.Release|Any CPU.ActiveCfg = Release|Any CPU
		{DE9D6821-5E2E-4EB9-B232-82E9B09793E0}.Release|Any CPU.Build.0 = Release|Any CPU
	EndGlobalSection
	GlobalSection(SolutionProperties) = preSolution
		HideSolutionNode = FALSE
	EndGlobalSection
EndGlobal

